
Microsoft Visual Studio Solution File, Format Version 12.00
# Visual Studio Version 17
VisualStudioVersion = 17.0.31903.59
MinimumVisualStudioVersion = 10.0.40219.1
Project("{9A19103F-16F7-4668-BE54-9A1E7A4F7556}") = "GearFlow.Api", "src\Api\GearFlow.Api\GearFlow.Api.csproj", "{1E7D9E1B-0763-4EDF-A89E-D4FAC9B33BAC}"
EndProject
Project("{2150E333-8FDC-42A3-9474-1A3956D46DE8}") = "src", "src", "{0AF2FF94-DA60-4B39-B405-3E1D15C5B21C}"
EndProject
Project("{2150E333-8FDC-42A3-9474-1A3956D46DE8}") = "Modules", "Modules", "{0B44A4C6-D758-4AC4-A8B0-CD434CDE9744}"
EndProject
Project("{2150E333-8FDC-42A3-9474-1A3956D46DE8}") = "Shared", "Shared", "{0CBD6052-0C66-478F-A88A-6A9AFD006A35}"
EndProject
Project("{2150E333-8FDC-42A3-9474-1A3956D46DE8}") = "Api", "Api", "{DA3B3CE8-7DAB-4E50-AFF7-84AF671A2AC9}"
EndProject
Project("{9A19103F-16F7-4668-BE54-9A1E7A4F7556}") = "GearFlow.Shared.Abstractions", "src\Shared\GearFlow.Shared.Abstractions\GearFlow.Shared.Abstractions.csproj", "{FEAB1EFE-3E64-48A7-B5DB-99B8797B73A5}"
EndProject
Project("{9A19103F-16F7-4668-BE54-9A1E7A4F7556}") = "GearFlow.Shared.Infrastructure", "src\Shared\GearFlow.Shared.Infrastructure\GearFlow.Shared.Infrastructure.csproj", "{253A587D-781C-4E9D-A0E9-E8E9D59FA9C4}"
EndProject
Project("{9A19103F-16F7-4668-BE54-9A1E7A4F7556}") = "GearFlow.Modules.Catalog.Domain", "src\Modules\Catalog\GearFlow.Modules.Catalog.Domain\GearFlow.Modules.Catalog.Domain.csproj", "{73D43983-BB7C-4B4F-86DD-07F2008F26A5}"
EndProject
Project("{2150E333-8FDC-42A3-9474-1A3956D46DE8}") = "Catalog", "Catalog", "{EAA9984E-1CB9-403E-8C23-5DEC32081579}"
EndProject
Project("{2150E333-8FDC-42A3-9474-1A3956D46DE8}") = "Reservations", "Reservations", "{F10C4FDB-8EDC-4BF0-8684-D6C1260FA711}"
EndProject
Project("{2150E333-8FDC-42A3-9474-1A3956D46DE8}") = "Availability", "Availability", "{8AEEA008-8D96-4EB0-9BB4-E8E1AC243199}"
EndProject
Project("{2150E333-8FDC-42A3-9474-1A3956D46DE8}") = "Rentals", "Rentals", "{1785BF6B-DBF9-4479-9255-C6A6290F7E6C}"
EndProject
Project("{2150E333-8FDC-42A3-9474-1A3956D46DE8}") = "Maintenance", "Maintenance", "{36D2B64D-D7CA-4F91-97D0-7DDBAAD2C484}"
EndProject
Project("{9A19103F-16F7-4668-BE54-9A1E7A4F7556}") = "GearFlow.Modules.Reservations.Domain", "src\Modules\Reservations\GearFlow.Modules.Reservations.Domain\GearFlow.Modules.Reservations.Domain.csproj", "{1EE90EE9-48C3-4E34-AEE3-249388D1B293}"
EndProject
Project("{2150E333-8FDC-42A3-9474-1A3956D46DE8}") = "tests", "tests", "{034877B3-BCAF-4D0D-A848-0D67647A8751}"
EndProject
Project("{2150E333-8FDC-42A3-9474-1A3956D46DE8}") = "Modules", "Modules", "{00A598E5-59CD-4D4A-AEEA-D8ADCF75DACE}"
EndProject
Project("{2150E333-8FDC-42A3-9474-1A3956D46DE8}") = "Catalog", "Catalog", "{67402C4E-8D84-42B8-AA1F-45658D04AFE1}"
EndProject
Project("{9A19103F-16F7-4668-BE54-9A1E7A4F7556}") = "GearFlow.Modules.Catalog.Tests.Unit", "tests\Modules\Catalog\GearFlow.Modules.Catalog.Tests.Unit\GearFlow.Modules.Catalog.Tests.Unit.csproj", "{25351ADB-E6BE-482C-B8A3-F573C1A88346}"
EndProject
Project("{2150E333-8FDC-42A3-9474-1A3956D46DE8}") = "Reservations", "Reservations", "{0F2BF1EC-5924-4849-A6D9-C685CF746597}"
EndProject
Project("{9A19103F-16F7-4668-BE54-9A1E7A4F7556}") = "GearFlow.Reservations.Tests.Unit", "tests\Modules\Reservations\GearFlow.Reservations.Tests.Unit\GearFlow.Reservations.Tests.Unit.csproj", "{28D2CAEA-A8AE-4007-9A98-5304E290684F}"
EndProject
Project("{9A19103F-16F7-4668-BE54-9A1E7A4F7556}") = "GearFlow.Modules.Availability.Core", "src\Modules\Availability\GearFlow.Modules.Availability.Core\GearFlow.Modules.Availability.Core.csproj", "{B7892D3A-BF7D-463E-ACC9-8CCF3DBFDA75}"
EndProject
Project("{9A19103F-16F7-4668-BE54-9A1E7A4F7556}") = "GearFlow.Modules.Reservations.Application", "src\Modules\Reservations\GearFlow.Modules.Reservations.Application\GearFlow.Modules.Reservations.Application.csproj", "{5EADAEF5-74FC-4B26-900E-EC39EF17A1FA}"
EndProject
Project("{9A19103F-16F7-4668-BE54-9A1E7A4F7556}") = "GearFlow.Modules.Availability.Contracts", "src\Modules\Availability\GearFlow.Modules.Availability.Contracts\GearFlow.Modules.Availability.Contracts.csproj", "{6D42C41E-B7A1-4910-AD8D-AB0302CE5826}"
EndProject
Project("{9A19103F-16F7-4668-BE54-9A1E7A4F7556}") = "GearFlow.Modules.Catalog.Contracts", "src\Modules\Catalog\GearFlow.Modules.Catalog.Contracts\GearFlow.Modules.Catalog.Contracts.csproj", "{15E10800-2939-4EC4-BA95-B3208CE8A0FA}"
EndProject
Project("{FAE04EC0-301F-11D3-BF4B-00C04F79EFBC}") = "GearFlow.Modules.Reservations.Infrastructure", "src\Modules\Reservations\GearFlow.Modules.Reservations.Infrastructure\GearFlow.Modules.Reservations.Infrastructure.csproj", "{2D8CA823-81A8-4FC0-ACE5-330C2ED56B18}"
EndProject
Project("{FAE04EC0-301F-11D3-BF4B-00C04F79EFBC}") = "GearFlow.Modules.Catalog.Infrastructure", "src\Modules\Catalog\GearFlow.Modules.Catalog.Infrastructure\GearFlow.Modules.Catalog.Infrastructure.csproj", "{C9CA7A3E-5FB7-4EB4-B597-5D4FDD82D3CD}"
EndProject
Project("{FAE04EC0-301F-11D3-BF4B-00C04F79EFBC}") = "GearFlow.Modules.Catalog.Application", "src\Modules\Catalog\GearFlow.Modules.Catalog.Application\GearFlow.Modules.Catalog.Application.csproj", "{E039F6C2-1D1A-49ED-B876-4F2A0A0BFF1D}"
EndProject
Project("{FAE04EC0-301F-11D3-BF4B-00C04F79EFBC}") = "GearFlow.Modules.Availability.Application", "src\Modules\Availability\GearFlow.Modules.Availability.Application\GearFlow.Modules.Availability.Application.csproj", "{85A6DB2D-FE98-4BB1-8785-E1B51A6FB4EC}"
EndProject
Project("{FAE04EC0-301F-11D3-BF4B-00C04F79EFBC}") = "GearFlow.Modules.Availability.Infrastructure", "src\Modules\Availability\GearFlow.Modules.Availability.Infrastructure\GearFlow.Modules.Availability.Infrastructure.csproj", "{1CD419DB-9080-23A2-8BC1-EC052F524339}"
EndProject
Project("{2150E333-8FDC-42A3-9474-1A3956D46DE8}") = "Integration", "Integration", "{67DDDE41-512C-9678-A905-6875A67E4CC9}"
EndProject
Project("{FAE04EC0-301F-11D3-BF4B-00C04F79EFBC}") = "GearFlow.Tests.Integration", "tests\Integration\GearFlow.Tests.Integration\GearFlow.Tests.Integration.csproj", "{6D4EEEC7-5BBB-4829-9973-06F27B2987D1}"
EndProject
Project("{2150E333-8FDC-42A3-9474-1A3956D46DE8}") = "Users", "Users", "{02EA681E-C7D8-13C7-8484-4AC65E1B71E8}"
EndProject
Project("{FAE04EC0-301F-11D3-BF4B-00C04F79EFBC}") = "GearFlow.Modules.Users.Core", "src\Modules\Users\GearFlow.Modules.Users.Core\GearFlow.Modules.Users.Core.csproj", "{2C7C0315-CC95-FAC9-B486-08BD1B44852C}"
EndProject
Global
	GlobalSection(SolutionConfigurationPlatforms) = preSolution
		Debug|Any CPU = Debug|Any CPU
		Release|Any CPU = Release|Any CPU
	EndGlobalSection
	GlobalSection(ProjectConfigurationPlatforms) = postSolution
		{1E7D9E1B-0763-4EDF-A89E-D4FAC9B33BAC}.Debug|Any CPU.ActiveCfg = Debug|Any CPU
		{1E7D9E1B-0763-4EDF-A89E-D4FAC9B33BAC}.Debug|Any CPU.Build.0 = Debug|Any CPU
		{1E7D9E1B-0763-4EDF-A89E-D4FAC9B33BAC}.Release|Any CPU.ActiveCfg = Release|Any CPU
		{1E7D9E1B-0763-4EDF-A89E-D4FAC9B33BAC}.Release|Any CPU.Build.0 = Release|Any CPU
		{FEAB1EFE-3E64-48A7-B5DB-99B8797B73A5}.Debug|Any CPU.ActiveCfg = Debug|Any CPU
		{FEAB1EFE-3E64-48A7-B5DB-99B8797B73A5}.Debug|Any CPU.Build.0 = Debug|Any CPU
		{FEAB1EFE-3E64-48A7-B5DB-99B8797B73A5}.Release|Any CPU.ActiveCfg = Release|Any CPU
		{FEAB1EFE-3E64-48A7-B5DB-99B8797B73A5}.Release|Any CPU.Build.0 = Release|Any CPU
		{253A587D-781C-4E9D-A0E9-E8E9D59FA9C4}.Debug|Any CPU.ActiveCfg = Debug|Any CPU
		{253A587D-781C-4E9D-A0E9-E8E9D59FA9C4}.Debug|Any CPU.Build.0 = Debug|Any CPU
		{253A587D-781C-4E9D-A0E9-E8E9D59FA9C4}.Release|Any CPU.ActiveCfg = Release|Any CPU
		{253A587D-781C-4E9D-A0E9-E8E9D59FA9C4}.Release|Any CPU.Build.0 = Release|Any CPU
		{73D43983-BB7C-4B4F-86DD-07F2008F26A5}.Debug|Any CPU.ActiveCfg = Debug|Any CPU
		{73D43983-BB7C-4B4F-86DD-07F2008F26A5}.Debug|Any CPU.Build.0 = Debug|Any CPU
		{73D43983-BB7C-4B4F-86DD-07F2008F26A5}.Release|Any CPU.ActiveCfg = Release|Any CPU
		{73D43983-BB7C-4B4F-86DD-07F2008F26A5}.Release|Any CPU.Build.0 = Release|Any CPU
		{1EE90EE9-48C3-4E34-AEE3-249388D1B293}.Debug|Any CPU.ActiveCfg = Debug|Any CPU
		{1EE90EE9-48C3-4E34-AEE3-249388D1B293}.Debug|Any CPU.Build.0 = Debug|Any CPU
		{1EE90EE9-48C3-4E34-AEE3-249388D1B293}.Release|Any CPU.ActiveCfg = Release|Any CPU
		{1EE90EE9-48C3-4E34-AEE3-249388D1B293}.Release|Any CPU.Build.0 = Release|Any CPU
		{25351ADB-E6BE-482C-B8A3-F573C1A88346}.Debug|Any CPU.ActiveCfg = Debug|Any CPU
		{25351ADB-E6BE-482C-B8A3-F573C1A88346}.Debug|Any CPU.Build.0 = Debug|Any CPU
		{25351ADB-E6BE-482C-B8A3-F573C1A88346}.Release|Any CPU.ActiveCfg = Release|Any CPU
		{25351ADB-E6BE-482C-B8A3-F573C1A88346}.Release|Any CPU.Build.0 = Release|Any CPU
		{28D2CAEA-A8AE-4007-9A98-5304E290684F}.Debug|Any CPU.ActiveCfg = Debug|Any CPU
		{28D2CAEA-A8AE-4007-9A98-5304E290684F}.Debug|Any CPU.Build.0 = Debug|Any CPU
		{28D2CAEA-A8AE-4007-9A98-5304E290684F}.Release|Any CPU.ActiveCfg = Release|Any CPU
		{28D2CAEA-A8AE-4007-9A98-5304E290684F}.Release|Any CPU.Build.0 = Release|Any CPU
		{B7892D3A-BF7D-463E-ACC9-8CCF3DBFDA75}.Debug|Any CPU.ActiveCfg = Debug|Any CPU
		{B7892D3A-BF7D-463E-ACC9-8CCF3DBFDA75}.Debug|Any CPU.Build.0 = Debug|Any CPU
		{B7892D3A-BF7D-463E-ACC9-8CCF3DBFDA75}.Release|Any CPU.ActiveCfg = Release|Any CPU
		{B7892D3A-BF7D-463E-ACC9-8CCF3DBFDA75}.Release|Any CPU.Build.0 = Release|Any CPU
		{5EADAEF5-74FC-4B26-900E-EC39EF17A1FA}.Debug|Any CPU.ActiveCfg = Debug|Any CPU
		{5EADAEF5-74FC-4B26-900E-EC39EF17A1FA}.Debug|Any CPU.Build.0 = Debug|Any CPU
		{5EADAEF5-74FC-4B26-900E-EC39EF17A1FA}.Release|Any CPU.ActiveCfg = Release|Any CPU
		{5EADAEF5-74FC-4B26-900E-EC39EF17A1FA}.Release|Any CPU.Build.0 = Release|Any CPU
		{6D42C41E-B7A1-4910-AD8D-AB0302CE5826}.Debug|Any CPU.ActiveCfg = Debug|Any CPU
		{6D42C41E-B7A1-4910-AD8D-AB0302CE5826}.Debug|Any CPU.Build.0 = Debug|Any CPU
		{6D42C41E-B7A1-4910-AD8D-AB0302CE5826}.Release|Any CPU.ActiveCfg = Release|Any CPU
		{6D42C41E-B7A1-4910-AD8D-AB0302CE5826}.Release|Any CPU.Build.0 = Release|Any CPU
		{15E10800-2939-4EC4-BA95-B3208CE8A0FA}.Debug|Any CPU.ActiveCfg = Debug|Any CPU
		{15E10800-2939-4EC4-BA95-B3208CE8A0FA}.Debug|Any CPU.Build.0 = Debug|Any CPU
		{15E10800-2939-4EC4-BA95-B3208CE8A0FA}.Release|Any CPU.ActiveCfg = Release|Any CPU
		{15E10800-2939-4EC4-BA95-B3208CE8A0FA}.Release|Any CPU.Build.0 = Release|Any CPU
		{2D8CA823-81A8-4FC0-ACE5-330C2ED56B18}.Debug|Any CPU.ActiveCfg = Debug|Any CPU
		{2D8CA823-81A8-4FC0-ACE5-330C2ED56B18}.Debug|Any CPU.Build.0 = Debug|Any CPU
		{2D8CA823-81A8-4FC0-ACE5-330C2ED56B18}.Release|Any CPU.ActiveCfg = Release|Any CPU
		{2D8CA823-81A8-4FC0-ACE5-330C2ED56B18}.Release|Any CPU.Build.0 = Release|Any CPU
		{C9CA7A3E-5FB7-4EB4-B597-5D4FDD82D3CD}.Debug|Any CPU.ActiveCfg = Debug|Any CPU
		{C9CA7A3E-5FB7-4EB4-B597-5D4FDD82D3CD}.Debug|Any CPU.Build.0 = Debug|Any CPU
		{C9CA7A3E-5FB7-4EB4-B597-5D4FDD82D3CD}.Release|Any CPU.ActiveCfg = Release|Any CPU
		{C9CA7A3E-5FB7-4EB4-B597-5D4FDD82D3CD}.Release|Any CPU.Build.0 = Release|Any CPU
		{E039F6C2-1D1A-49ED-B876-4F2A0A0BFF1D}.Debug|Any CPU.ActiveCfg = Debug|Any CPU
		{E039F6C2-1D1A-49ED-B876-4F2A0A0BFF1D}.Debug|Any CPU.Build.0 = Debug|Any CPU
		{E039F6C2-1D1A-49ED-B876-4F2A0A0BFF1D}.Release|Any CPU.ActiveCfg = Release|Any CPU
		{E039F6C2-1D1A-49ED-B876-4F2A0A0BFF1D}.Release|Any CPU.Build.0 = Release|Any CPU
		{85A6DB2D-FE98-4BB1-8785-E1B51A6FB4EC}.Debug|Any CPU.ActiveCfg = Debug|Any CPU
		{85A6DB2D-FE98-4BB1-8785-E1B51A6FB4EC}.Debug|Any CPU.Build.0 = Debug|Any CPU
		{85A6DB2D-FE98-4BB1-8785-E1B51A6FB4EC}.Release|Any CPU.ActiveCfg = Release|Any CPU
		{85A6DB2D-FE98-4BB1-8785-E1B51A6FB4EC}.Release|Any CPU.Build.0 = Release|Any CPU
		{1CD419DB-9080-23A2-8BC1-EC052F524339}.Debug|Any CPU.ActiveCfg = Debug|Any CPU
		{1CD419DB-9080-23A2-8BC1-EC052F524339}.Debug|Any CPU.Build.0 = Debug|Any CPU
		{1CD419DB-9080-23A2-8BC1-EC052F524339}.Release|Any CPU.ActiveCfg = Release|Any CPU
		{1CD419DB-9080-23A2-8BC1-EC052F524339}.Release|Any CPU.Build.0 = Release|Any CPU
		{6D4EEEC7-5BBB-4829-9973-06F27B2987D1}.Debug|Any CPU.ActiveCfg = Debug|Any CPU
		{6D4EEEC7-5BBB-4829-9973-06F27B2987D1}.Debug|Any CPU.Build.0 = Debug|Any CPU
		{6D4EEEC7-5BBB-4829-9973-06F27B2987D1}.Release|Any CPU.ActiveCfg = Release|Any CPU
		{6D4EEEC7-5BBB-4829-9973-06F27B2987D1}.Release|Any CPU.Build.0 = Release|Any CPU
		{2C7C0315-CC95-FAC9-B486-08BD1B44852C}.Debug|Any CPU.ActiveCfg = Debug|Any CPU
		{2C7C0315-CC95-FAC9-B486-08BD1B44852C}.Debug|Any CPU.Build.0 = Debug|Any CPU
		{2C7C0315-CC95-FAC9-B486-08BD1B44852C}.Release|Any CPU.ActiveCfg = Release|Any CPU
		{2C7C0315-CC95-FAC9-B486-08BD1B44852C}.Release|Any CPU.Build.0 = Release|Any CPU
	EndGlobalSection
	GlobalSection(SolutionProperties) = preSolution
		HideSolutionNode = FALSE
	EndGlobalSection
	GlobalSection(NestedProjects) = preSolution
		{1E7D9E1B-0763-4EDF-A89E-D4FAC9B33BAC} = {DA3B3CE8-7DAB-4E50-AFF7-84AF671A2AC9}
		{0B44A4C6-D758-4AC4-A8B0-CD434CDE9744} = {0AF2FF94-DA60-4B39-B405-3E1D15C5B21C}
		{0CBD6052-0C66-478F-A88A-6A9AFD006A35} = {0AF2FF94-DA60-4B39-B405-3E1D15C5B21C}
		{DA3B3CE8-7DAB-4E50-AFF7-84AF671A2AC9} = {0AF2FF94-DA60-4B39-B405-3E1D15C5B21C}
		{FEAB1EFE-3E64-48A7-B5DB-99B8797B73A5} = {0CBD6052-0C66-478F-A88A-6A9AFD006A35}
		{253A587D-781C-4E9D-A0E9-E8E9D59FA9C4} = {0CBD6052-0C66-478F-A88A-6A9AFD006A35}
		{73D43983-BB7C-4B4F-86DD-07F2008F26A5} = {EAA9984E-1CB9-403E-8C23-5DEC32081579}
		{EAA9984E-1CB9-403E-8C23-5DEC32081579} = {0B44A4C6-D758-4AC4-A8B0-CD434CDE9744}
		{F10C4FDB-8EDC-4BF0-8684-D6C1260FA711} = {0B44A4C6-D758-4AC4-A8B0-CD434CDE9744}
		{8AEEA008-8D96-4EB0-9BB4-E8E1AC243199} = {0B44A4C6-D758-4AC4-A8B0-CD434CDE9744}
		{1785BF6B-DBF9-4479-9255-C6A6290F7E6C} = {0B44A4C6-D758-4AC4-A8B0-CD434CDE9744}
		{36D2B64D-D7CA-4F91-97D0-7DDBAAD2C484} = {0B44A4C6-D758-4AC4-A8B0-CD434CDE9744}
		{1EE90EE9-48C3-4E34-AEE3-249388D1B293} = {F10C4FDB-8EDC-4BF0-8684-D6C1260FA711}
		{00A598E5-59CD-4D4A-AEEA-D8ADCF75DACE} = {034877B3-BCAF-4D0D-A848-0D67647A8751}
		{67402C4E-8D84-42B8-AA1F-45658D04AFE1} = {00A598E5-59CD-4D4A-AEEA-D8ADCF75DACE}
		{25351ADB-E6BE-482C-B8A3-F573C1A88346} = {67402C4E-8D84-42B8-AA1F-45658D04AFE1}
		{0F2BF1EC-5924-4849-A6D9-C685CF746597} = {00A598E5-59CD-4D4A-AEEA-D8ADCF75DACE}
		{28D2CAEA-A8AE-4007-9A98-5304E290684F} = {0F2BF1EC-5924-4849-A6D9-C685CF746597}
		{B7892D3A-BF7D-463E-ACC9-8CCF3DBFDA75} = {8AEEA008-8D96-4EB0-9BB4-E8E1AC243199}
		{5EADAEF5-74FC-4B26-900E-EC39EF17A1FA} = {F10C4FDB-8EDC-4BF0-8684-D6C1260FA711}
		{6D42C41E-B7A1-4910-AD8D-AB0302CE5826} = {8AEEA008-8D96-4EB0-9BB4-E8E1AC243199}
		{15E10800-2939-4EC4-BA95-B3208CE8A0FA} = {EAA9984E-1CB9-403E-8C23-5DEC32081579}
		{2D8CA823-81A8-4FC0-ACE5-330C2ED56B18} = {F10C4FDB-8EDC-4BF0-8684-D6C1260FA711}
		{C9CA7A3E-5FB7-4EB4-B597-5D4FDD82D3CD} = {EAA9984E-1CB9-403E-8C23-5DEC32081579}
		{E039F6C2-1D1A-49ED-B876-4F2A0A0BFF1D} = {EAA9984E-1CB9-403E-8C23-5DEC32081579}
		{85A6DB2D-FE98-4BB1-8785-E1B51A6FB4EC} = {8AEEA008-8D96-4EB0-9BB4-E8E1AC243199}
		{1CD419DB-9080-23A2-8BC1-EC052F524339} = {8AEEA008-8D96-4EB0-9BB4-E8E1AC243199}
		{67DDDE41-512C-9678-A905-6875A67E4CC9} = {034877B3-BCAF-4D0D-A848-0D67647A8751}
		{6D4EEEC7-5BBB-4829-9973-06F27B2987D1} = {67DDDE41-512C-9678-A905-6875A67E4CC9}
		{02EA681E-C7D8-13C7-8484-4AC65E1B71E8} = {0B44A4C6-D758-4AC4-A8B0-CD434CDE9744}
		{2C7C0315-CC95-FAC9-B486-08BD1B44852C} = {02EA681E-C7D8-13C7-8484-4AC65E1B71E8}
	EndGlobalSection
	GlobalSection(ExtensibilityGlobals) = postSolution
		SolutionGuid = {D81CF4DA-74B2-4793-A12B-1313246BEA0F}
	EndGlobalSection
EndGlobal
